
Microsoft Visual Studio Solution File, Format Version 11.00
# Visual Studio 2010
Project("{FAE04EC0-301F-11D3-BF4B-00C04F79EFBC}") = "AccuRev2Git", "AccuRev2Git.csproj", "{67018D1F-F3AD-4D1F-B784-54DB59D7AC8C}"
EndProject
Global
	GlobalSection(SolutionConfigurationPlatforms) = preSolution
		Debug|x86 = Debug|x86
		Release|x86 = Release|x86
	EndGlobalSection
	GlobalSection(ProjectConfigurationPlatforms) = postSolution
		{67018D1F-F3AD-4D1F-B784-54DB59D7AC8C}.Debug|x86.ActiveCfg = Debug|x86
		{67018D1F-F3AD-4D1F-B784-54DB59D7AC8C}.Debug|x86.Build.0 = Debug|x86
		{67018D1F-F3AD-4D1F-B784-54DB59D7AC8C}.Release|x86.ActiveCfg = Release|x86
		{67018D1F-F3AD-4D1F-B784-54DB59D7AC8C}.Release|x86.Build.0 = Release|x86
	EndGlobalSection
	GlobalSection(SolutionProperties) = preSolution
		HideSolutionNode = FALSE
	EndGlobalSection
EndGlobal
